
Microsoft Visual Studio Solution File, Format Version 12.00
# Visual Studio Version 17
VisualStudioVersion = 17.4.33110.190
MinimumVisualStudioVersion = 10.0.40219.1
Project("{FAE04EC0-301F-11D3-BF4B-00C04F79EFBC}") = "Exercise2", "Exercise2\Exercise2.csproj", "{54B564F6-E31F-4F0F-AF39-BD78880A3AED}"
EndProject
Global
	GlobalSection(SolutionConfigurationPlatforms) = preSolution
		Debug|Any CPU = Debug|Any CPU
		Release|Any CPU = Release|Any CPU
	EndGlobalSection
	GlobalSection(ProjectConfigurationPlatforms) = postSolution
		{54B564F6-E31F-4F0F-AF39-BD78880A3AED}.Debug|Any CPU.ActiveCfg = Debug|Any CPU
		{54B564F6-E31F-4F0F-AF39-BD78880A3AED}.Debug|Any CPU.Build.0 = Debug|Any CPU
		{54B564F6-E31F-4F0F-AF39-BD78880A3AED}.Release|Any CPU.ActiveCfg = Release|Any CPU
		{54B564F6-E31F-4F0F-AF39-BD78880A3AED}.Release|Any CPU.Build.0 = Release|Any CPU
	EndGlobalSection
	GlobalSection(SolutionProperties) = preSolution
		HideSolutionNode = FALSE
	EndGlobalSection
	GlobalSection(ExtensibilityGlobals) = postSolution
		SolutionGuid = {0C5224EA-7E2F-4E07-85F9-05D02891C9B3}
	EndGlobalSection
EndGlobal
